
Microsoft Visual Studio Solution File, Format Version 12.00
# Visual Studio Version 16
VisualStudioVersion = 16.0.29306.81
MinimumVisualStudioVersion = 10.0.40219.1
Project("{9A19103F-16F7-4668-BE54-9A1E7A4F7556}") = "OefLes1", "OefLes1.csproj", "{7490E52E-F53C-4F14-BC73-8962973A378E}"
EndProject
Global
	GlobalSection(SolutionConfigurationPlatforms) = preSolution
		Debug|Any CPU = Debug|Any CPU
		Release|Any CPU = Release|Any CPU
	EndGlobalSection
	GlobalSection(ProjectConfigurationPlatforms) = postSolution
		{7490E52E-F53C-4F14-BC73-8962973A378E}.Debug|Any CPU.ActiveCfg = Debug|Any CPU
		{7490E52E-F53C-4F14-BC73-8962973A378E}.Debug|Any CPU.Build.0 = Debug|Any CPU
		{7490E52E-F53C-4F14-BC73-8962973A378E}.Release|Any CPU.ActiveCfg = Release|Any CPU
		{7490E52E-F53C-4F14-BC73-8962973A378E}.Release|Any CPU.Build.0 = Release|Any CPU
	EndGlobalSection
	GlobalSection(SolutionProperties) = preSolution
		HideSolutionNode = FALSE
	EndGlobalSection
	GlobalSection(ExtensibilityGlobals) = postSolution
		SolutionGuid = {1BFD8F91-8E0D-4059-932B-8FDF249A65BF}
	EndGlobalSection
EndGlobal
